
Microsoft Visual Studio Solution File, Format Version 10.00
# Visual Studio 2008
Project("{8BC9CEB8-8B4A-11D0-8D11-00A0C91BC942}") = "5", "5.vcproj", "{2D53D6EE-296D-4C0E-BAD9-92F2970CDEAD}"
EndProject
Global
	GlobalSection(SolutionConfigurationPlatforms) = preSolution
		Debug|Win32 = Debug|Win32
		Release|Win32 = Release|Win32
	EndGlobalSection
	GlobalSection(ProjectConfigurationPlatforms) = postSolution
		{2D53D6EE-296D-4C0E-BAD9-92F2970CDEAD}.Debug|Win32.ActiveCfg = Debug|Win32
		{2D53D6EE-296D-4C0E-BAD9-92F2970CDEAD}.Debug|Win32.Build.0 = Debug|Win32
		{2D53D6EE-296D-4C0E-BAD9-92F2970CDEAD}.Release|Win32.ActiveCfg = Release|Win32
		{2D53D6EE-296D-4C0E-BAD9-92F2970CDEAD}.Release|Win32.Build.0 = Release|Win32
	EndGlobalSection
	GlobalSection(SolutionProperties) = preSolution
		HideSolutionNode = FALSE
	EndGlobalSection
EndGlobal
