<?xml version="1.0" encoding="utf-8"?>
<Project ToolsVersion="4.0" xmlns="http://schemas.microsoft.com/developer/msbuild/2003">
  <ItemGroup>
    <Filter Include="Исходные файлы">
      <UniqueIdentifier>{4FC737F1-C7A5-4376-A066-2A32D752A2FF}</UniqueIdentifier>
      <Extensions>cpp;c;cc;cxx;c++;cppm;ixx;def;odl;idl;hpj;bat;asm;asmx</Extensions>
    </Filter>
    <Filter Include="Файлы заголовков">
      <UniqueIdentifier>{93995380-89BD-4b04-88EB-625FBE52EBFB}</UniqueIdentifier>
      <Extensions>h;hh;hpp;hxx;h++;hm;inl;inc;ipp;xsd</Extensions>
    </Filter>
    <Filter Include="Файлы ресурсов">
      <UniqueIdentifier>{67DA6AB6-F800-4c08-8B7A-83BB121AAD01}</UniqueIdentifier>
      <Extensions>rc;ico;cur;bmp;dlg;rc2;rct;bin;rgs;gif;jpg;jpeg;jpe;resx;tiff;tif;png;wav;mfcribbon-ms</Extensions>
    </Filter>
    <Filter Include="Исходные файлы\core">
      <UniqueIdentifier>{252de876-34f3-44b7-b153-6b5ca3591df6}</UniqueIdentifier>
    </Filter>
    <Filter Include="Исходные файлы\container">
      <UniqueIdentifier>{12fb0c6f-6d89-4d7d-89a6-3cd1df447a11}</UniqueIdentifier>
    </Filter>
    <Filter Include="Исходные файлы\win">
      <UniqueIdentifier>{772f4605-14f7-4619-8984-8d42f0b14287}</UniqueIdentifier>
    </Filter>
    <Filter Include="Исходные файлы\win_classes">
      <UniqueIdentifier>{d528fa1b-a5b4-405a-9280-f265f4830a5f}</UniqueIdentifier>
    </Filter>
    <Filter Include="Исходные файлы\image">
      <UniqueIdentifier>{ee6ddf1a-1fbb-4df6-9b45-a2cebaac49fc}</UniqueIdentifier>
    </Filter>
    <Filter Include="Исходные файлы\core\messaging">
      <UniqueIdentifier>{0ed9bee5-614f-459b-95cc-5b244e24c3ad}</UniqueIdentifier>
    </Filter>
  </ItemGroup>
  <ItemGroup>
    <ClInclude Include="framework.h">
      <Filter>Файлы заголовков</Filter>
    </ClInclude>
    <ClInclude Include="targetver.h">
      <Filter>Файлы заголовков</Filter>
    </ClInclude>
    <ClInclude Include="Resource.h">
      <Filter>Файлы заголовков</Filter>
    </ClInclude>
    <ClInclude Include="PaintApp.h">
      <Filter>Файлы заголовков</Filter>
    </ClInclude>
    <ClInclude Include="app\core\Object.h">
      <Filter>Исходные файлы\core</Filter>
    </ClInclude>
    <ClInclude Include="app\core\String.h">
      <Filter>Исходные файлы\core</Filter>
    </ClInclude>
    <ClInclude Include="app\core\CommonTypes.h">
      <Filter>Исходные файлы\core</Filter>
    </ClInclude>
    <ClInclude Include="app\core\DebugUtil.h">
      <Filter>Исходные файлы\core</Filter>
    </ClInclude>
    <ClInclude Include="app\container\map\AssociativeArray.h">
      <Filter>Исходные файлы\container</Filter>
    </ClInclude>
    <ClInclude Include="app\container\map\BinarySearchTree.h">
      <Filter>Исходные файлы\container</Filter>
    </ClInclude>
    <ClInclude Include="app\container\map\HashMap.h">
      <Filter>Исходные файлы\container</Filter>
    </ClInclude>
    <ClInclude Include="app\container\List.h">
      <Filter>Исходные файлы\container</Filter>
    </ClInclude>
    <ClInclude Include="app\container\Map.h">
      <Filter>Исходные файлы\container</Filter>
    </ClInclude>
    <ClInclude Include="app\container\ObjectVector.h">
      <Filter>Исходные файлы\container</Filter>
    </ClInclude>
    <ClInclude Include="app\win_classes\TemplateWindowClass.txt">
      <Filter>Файлы заголовков</Filter>
    </ClInclude>
    <ClInclude Include="app\win_classes\MainFrameChunks.h">
      <Filter>Файлы заголовков</Filter>
    </ClInclude>
    <ClInclude Include="app\win_classes\CanvasWindow.h">
      <Filter>Исходные файлы\win_classes</Filter>
    </ClInclude>
    <ClInclude Include="app\win_classes\CanvasStatusWindow.h">
      <Filter>Исходные файлы\win_classes</Filter>
    </ClInclude>
    <ClInclude Include="app\win\Dialog.h">
      <Filter>Исходные файлы\win</Filter>
    </ClInclude>
    <ClInclude Include="app\win\Context.h">
      <Filter>Исходные файлы\win</Filter>
    </ClInclude>
    <ClInclude Include="app\win\IWindowClass.h">
      <Filter>Исходные файлы\win</Filter>
    </ClInclude>
    <ClInclude Include="app\paint\RegionSelection.h">
      <Filter>Исходные файлы\win</Filter>
    </ClInclude>
    <ClInclude Include="app\win\SimpleGraphics.h">
      <Filter>Исходные файлы\win</Filter>
    </ClInclude>
    <ClInclude Include="app\win\ButtonUI.h">
      <Filter>Исходные файлы\win</Filter>
    </ClInclude>
    <ClInclude Include="app\image\ImageLoader.h">
      <Filter>Исходные файлы\image</Filter>
    </ClInclude>
    <ClInclude Include="app\image\ImageTransform.h">
      <Filter>Исходные файлы\image</Filter>
    </ClInclude>
    <ClInclude Include="app\paint\PaintTools.h">
      <Filter>Исходные файлы\win</Filter>
    </ClInclude>
    <ClInclude Include="app\win_classes\PaintUtilsWindow.h">
      <Filter>Исходные файлы\win_classes</Filter>
    </ClInclude>
    <ClInclude Include="app\core\messaging\Event.h">
      <Filter>Исходные файлы\core\messaging</Filter>
    </ClInclude>
    <ClInclude Include="app\core\messaging\State.h">
      <Filter>Исходные файлы\core\messaging</Filter>
    </ClInclude>
    <ClInclude Include="app\win_classes\PasteWindow.h">
      <Filter>Исходные файлы\win_classes</Filter>
    </ClInclude>
    <ClInclude Include="app\paint\tools\RectTool.h">
      <Filter>Файлы заголовков</Filter>
    </ClInclude>
    <ClInclude Include="app\paint\tools\LineTool.h">
      <Filter>Файлы заголовков</Filter>
    </ClInclude>
    <ClInclude Include="app\paint\PaintToolsLoader.h">
      <Filter>Файлы заголовков</Filter>
    </ClInclude>
    <ClInclude Include="app\paint\ToolButtonUI.h">
      <Filter>Файлы заголовков</Filter>
    </ClInclude>
    <ClInclude Include="api\paint_tools.h">
      <Filter>Файлы заголовков</Filter>
    </ClInclude>
    <ClInclude Include="api\core_api.h">
      <Filter>Файлы заголовков</Filter>
    </ClInclude>
    <ClInclude Include="app\appearance\Theme.h">
      <Filter>Файлы заголовков</Filter>
    </ClInclude>
    <ClInclude Include="app\image\ImageScaleUtil.h">
      <Filter>Файлы заголовков</Filter>
    </ClInclude>
    <ClInclude Include="app\paint\tools\ColorPickerTool.h">
      <Filter>Файлы заголовков</Filter>
    </ClInclude>
    <ClInclude Include="app\core\messaging\EventBus.h">
      <Filter>Файлы заголовков</Filter>
    </ClInclude>
    <ClInclude Include="app\events\PaintToolsEvents.h">
      <Filter>Файлы заголовков</Filter>
    </ClInclude>
    <ClInclude Include="app\events\CanvasEvents.h">
      <Filter>Файлы заголовков</Filter>
    </ClInclude>
    <ClInclude Include="app\image\TextureUtil.h">
      <Filter>Файлы заголовков</Filter>
    </ClInclude>
    <ClInclude Include="app\paint\tools\BrushTool.h">
      <Filter>Файлы заголовков</Filter>
    </ClInclude>
  </ItemGroup>
  <ItemGroup>
    <ClCompile Include="PaintApp.c">
      <Filter>Исходные файлы</Filter>
    </ClCompile>
    <ClCompile Include="app\core\Object.c">
      <Filter>Исходные файлы\core</Filter>
    </ClCompile>
    <ClCompile Include="app\core\String.c">
      <Filter>Исходные файлы\core</Filter>
    </ClCompile>
    <ClCompile Include="app\core\CommonTypes.c">
      <Filter>Исходные файлы\core</Filter>
    </ClCompile>
    <ClCompile Include="app\core\DebugUtil.c">
      <Filter>Исходные файлы\core</Filter>
    </ClCompile>
    <ClCompile Include="app\container\map\AssociativeArray.c">
      <Filter>Исходные файлы\container</Filter>
    </ClCompile>
    <ClCompile Include="app\container\map\BinarySearchTree.c">
      <Filter>Исходные файлы\container</Filter>
    </ClCompile>
    <ClCompile Include="app\container\List.c">
      <Filter>Исходные файлы\container</Filter>
    </ClCompile>
    <ClCompile Include="app\container\Map.c">
      <Filter>Исходные файлы\container</Filter>
    </ClCompile>
    <ClCompile Include="app\container\ObjectVector.c">
      <Filter>Исходные файлы\container</Filter>
    </ClCompile>
    <ClCompile Include="app\container\map\HashMap.c">
      <Filter>Исходные файлы\container</Filter>
    </ClCompile>
    <ClCompile Include="app\win\Context.c">
      <Filter>Исходные файлы\win</Filter>
    </ClCompile>
    <ClCompile Include="app\win_classes\CanvasWindow.c">
      <Filter>Исходные файлы\win_classes</Filter>
    </ClCompile>
    <ClCompile Include="app\win_classes\CanvasStatusWindow.c">
      <Filter>Исходные файлы\win_classes</Filter>
    </ClCompile>
    <ClCompile Include="app\win\Dialog.c">
      <Filter>Исходные файлы\win</Filter>
    </ClCompile>
    <ClCompile Include="app\win\IWindowClass.c">
      <Filter>Исходные файлы\win</Filter>
    </ClCompile>
    <ClCompile Include="app\paint\RegionSelection.c">
      <Filter>Исходные файлы\win</Filter>
    </ClCompile>
    <ClCompile Include="app\win\SimpleGraphics.c">
      <Filter>Исходные файлы\win</Filter>
    </ClCompile>
    <ClCompile Include="app\win\ButtonUI.c">
      <Filter>Исходные файлы\win</Filter>
    </ClCompile>
    <ClCompile Include="app\image\ImageLoader.c">
      <Filter>Исходные файлы\image</Filter>
    </ClCompile>
    <ClCompile Include="app\image\ImageTransform.c">
      <Filter>Исходные файлы\image</Filter>
    </ClCompile>
    <ClCompile Include="app\paint\PaintTools.c">
      <Filter>Исходные файлы\win</Filter>
    </ClCompile>
    <ClCompile Include="app\win_classes\PaintUtilsWindow.c">
      <Filter>Исходные файлы\win_classes</Filter>
    </ClCompile>
    <ClCompile Include="app\core\messaging\State.c">
      <Filter>Исходные файлы\core\messaging</Filter>
    </ClCompile>
    <ClCompile Include="app\win_classes\PasteWindow.c">
      <Filter>Исходные файлы\win_classes</Filter>
    </ClCompile>
    <ClCompile Include="app\paint\tools\RectTool.c">
      <Filter>Исходные файлы</Filter>
    </ClCompile>
    <ClCompile Include="app\paint\tools\LineTool.c">
      <Filter>Исходные файлы</Filter>
    </ClCompile>
    <ClCompile Include="app\paint\PaintToolsLoader.c">
      <Filter>Исходные файлы</Filter>
    </ClCompile>
    <ClCompile Include="app\paint\ToolButtonUI.c">
      <Filter>Исходные файлы</Filter>
    </ClCompile>
    <ClCompile Include="app\appearance\theme\DarkTheme.c">
      <Filter>Исходные файлы</Filter>
    </ClCompile>
    <ClCompile Include="app\appearance\theme\LightTheme.c">
      <Filter>Исходные файлы</Filter>
    </ClCompile>
    <ClCompile Include="app\appearance\Theme.c">
      <Filter>Исходные файлы</Filter>
    </ClCompile>
    <ClCompile Include="app\image\ImageScaleUtil.c">
      <Filter>Исходные файлы</Filter>
    </ClCompile>
    <ClCompile Include="app\paint\tools\ColorPickerTool.c">
      <Filter>Исходные файлы</Filter>
    </ClCompile>
    <ClCompile Include="app\core\messaging\EventBus.c">
      <Filter>Исходные файлы</Filter>
    </ClCompile>
    <ClCompile Include="app\core\messaging\Event.c">
      <Filter>Исходные файлы</Filter>
    </ClCompile>
    <ClCompile Include="app\events\PaintToolsEvents.c">
      <Filter>Исходные файлы</Filter>
    </ClCompile>
    <ClCompile Include="app\events\CanvasEvents.c">
      <Filter>Исходные файлы</Filter>
    </ClCompile>
    <ClCompile Include="app\image\TextureUtil.c">
      <Filter>Исходные файлы</Filter>
    </ClCompile>
    <ClCompile Include="app\paint\tools\BrushTool.c">
      <Filter>Исходные файлы</Filter>
    </ClCompile>
  </ItemGroup>
  <ItemGroup>
    <ResourceCompile Include="PaintApp.rc">
      <Filter>Файлы ресурсов</Filter>
    </ResourceCompile>
  </ItemGroup>
  <ItemGroup>
    <Image Include="small.ico">
      <Filter>Файлы ресурсов</Filter>
    </Image>
    <Image Include="PaintApp.ico">
      <Filter>Файлы ресурсов</Filter>
    </Image>
  </ItemGroup>
</Project>